
Microsoft Visual Studio Solution File, Format Version 12.00
# Visual Studio 15
VisualStudioVersion = 15.0.26124.0
MinimumVisualStudioVersion = 15.0.26124.0
Project("{FAE04EC0-301F-11D3-BF4B-00C04F79EFBC}") = "OpenTMS.Server", "src\OpenTMS.Server\OpenTMS.Server.csproj", "{477128DD-6610-42EF-90FB-242C36BD2502}"
EndProject
Project("{FAE04EC0-301F-11D3-BF4B-00C04F79EFBC}") = "XUnit.Coverlet.Collector", "src\XUnit.Coverlet.Collector\XUnit.Coverlet.Collector.csproj", "{260CC30C-EB9A-41F6-9DBF-9B971368C42D}"
EndProject
Global
	GlobalSection(SolutionConfigurationPlatforms) = preSolution
		Debug|Any CPU = Debug|Any CPU
		Debug|x64 = Debug|x64
		Debug|x86 = Debug|x86
		Release|Any CPU = Release|Any CPU
		Release|x64 = Release|x64
		Release|x86 = Release|x86
	EndGlobalSection
	GlobalSection(SolutionProperties) = preSolution
		HideSolutionNode = FALSE
	EndGlobalSection
	GlobalSection(ProjectConfigurationPlatforms) = postSolution
		{477128DD-6610-42EF-90FB-242C36BD2502}.Debug|Any CPU.ActiveCfg = Debug|Any CPU
		{477128DD-6610-42EF-90FB-242C36BD2502}.Debug|Any CPU.Build.0 = Debug|Any CPU
		{477128DD-6610-42EF-90FB-242C36BD2502}.Debug|x64.ActiveCfg = Debug|Any CPU
		{477128DD-6610-42EF-90FB-242C36BD2502}.Debug|x64.Build.0 = Debug|Any CPU
		{477128DD-6610-42EF-90FB-242C36BD2502}.Debug|x86.ActiveCfg = Debug|Any CPU
		{477128DD-6610-42EF-90FB-242C36BD2502}.Debug|x86.Build.0 = Debug|Any CPU
		{477128DD-6610-42EF-90FB-242C36BD2502}.Release|Any CPU.ActiveCfg = Release|Any CPU
		{477128DD-6610-42EF-90FB-242C36BD2502}.Release|Any CPU.Build.0 = Release|Any CPU
		{477128DD-6610-42EF-90FB-242C36BD2502}.Release|x64.ActiveCfg = Release|Any CPU
		{477128DD-6610-42EF-90FB-242C36BD2502}.Release|x64.Build.0 = Release|Any CPU
		{477128DD-6610-42EF-90FB-242C36BD2502}.Release|x86.ActiveCfg = Release|Any CPU
		{477128DD-6610-42EF-90FB-242C36BD2502}.Release|x86.Build.0 = Release|Any CPU
		{260CC30C-EB9A-41F6-9DBF-9B971368C42D}.Debug|Any CPU.ActiveCfg = Debug|Any CPU
		{260CC30C-EB9A-41F6-9DBF-9B971368C42D}.Debug|Any CPU.Build.0 = Debug|Any CPU
		{260CC30C-EB9A-41F6-9DBF-9B971368C42D}.Debug|x64.ActiveCfg = Debug|Any CPU
		{260CC30C-EB9A-41F6-9DBF-9B971368C42D}.Debug|x64.Build.0 = Debug|Any CPU
		{260CC30C-EB9A-41F6-9DBF-9B971368C42D}.Debug|x86.ActiveCfg = Debug|Any CPU
		{260CC30C-EB9A-41F6-9DBF-9B971368C42D}.Debug|x86.Build.0 = Debug|Any CPU
		{260CC30C-EB9A-41F6-9DBF-9B971368C42D}.Release|Any CPU.ActiveCfg = Release|Any CPU
		{260CC30C-EB9A-41F6-9DBF-9B971368C42D}.Release|Any CPU.Build.0 = Release|Any CPU
		{260CC30C-EB9A-41F6-9DBF-9B971368C42D}.Release|x64.ActiveCfg = Release|Any CPU
		{260CC30C-EB9A-41F6-9DBF-9B971368C42D}.Release|x64.Build.0 = Release|Any CPU
		{260CC30C-EB9A-41F6-9DBF-9B971368C42D}.Release|x86.ActiveCfg = Release|Any CPU
		{260CC30C-EB9A-41F6-9DBF-9B971368C42D}.Release|x86.Build.0 = Release|Any CPU
	EndGlobalSection
EndGlobal
